Microsoft Visual Studio Solution File, Format Version 12.00
# Visual Studio Version 17
VisualStudioVersion = 17.5.2.0
MinimumVisualStudioVersion = 10.0.40219.1
Project("{FAE04EC0-301F-11D3-BF4B-00C04F79EFBC}") = "DocumentAccessApprovalSystem", "DocumentAccessApprovalSystem.csproj", "{B1F6ADBC-36B4-0A29-E20D-6DBD3A2C901C}"
EndProject
Global
	GlobalSection(SolutionConfigurationPlatforms) = preSolution
		Debug|Any CPU = Debug|Any CPU
		Release|Any CPU = Release|Any CPU
	EndGlobalSection
	GlobalSection(ProjectConfigurationPlatforms) = postSolution
		{B1F6ADBC-36B4-0A29-E20D-6DBD3A2C901C}.Debug|Any CPU.ActiveCfg = Debug|Any CPU
		{B1F6ADBC-36B4-0A29-E20D-6DBD3A2C901C}.Debug|Any CPU.Build.0 = Debug|Any CPU
		{B1F6ADBC-36B4-0A29-E20D-6DBD3A2C901C}.Release|Any CPU.ActiveCfg = Release|Any CPU
		{B1F6ADBC-36B4-0A29-E20D-6DBD3A2C901C}.Release|Any CPU.Build.0 = Release|Any CPU
	EndGlobalSection
	GlobalSection(SolutionProperties) = preSolution
		HideSolutionNode = FALSE
	EndGlobalSection
	GlobalSection(ExtensibilityGlobals) = postSolution
		SolutionGuid = {B5EF031B-2BD2-4238-AB83-13899239CFF6}
	EndGlobalSection
EndGlobal
